{
    "name": "proposal-cli-api",
    "lockfileVersion": 3,
    "requires": true,
    "packages": {
        "": {
            "workspaces": [
                "./polyfill/"
            ],
            "devDependencies": {}
        },
        "node_modules/@jcbhmr/cli-api": {
            "resolved": "polyfill",
            "link": true
        },
        "polyfill": {
            "name": "@jcbhmr/cli-api",
            "version": "0.1.0",
            "devDependencies": {
                "@types/bun": "^1.3.5",
                "@types/deno": "^2.5.0",
                "@types/node": "^25.0.3",
                "bun": "^1.3.5",
                "deno": "^2.6.3",
                "oxfmt": "^0.21.0",
                "typescript": "^5.9.3"
            }
        },
        "polyfill/node_modules/@oven/bun-linux-x64": {
            "version": "1.3.5",
            "cpu": [
                "x64"
            ],
            "dev": true,
            "license": "MIT",
            "optional": true,
            "os": [
                "linux"
            ]
        },
        "polyfill/node_modules/@oven/bun-linux-x64-baseline": {
            "version": "1.3.5",
            "cpu": [
                "x64"
            ],
            "dev": true,
            "license": "MIT",
            "optional": true,
            "os": [
                "linux"
            ]
        },
        "polyfill/node_modules/@oven/bun-linux-x64-musl": {
            "version": "1.3.5",
            "cpu": [
                "x64"
            ],
            "dev": true,
            "license": "MIT",
            "optional": true,
            "os": [
                "linux"
            ]
        },
        "polyfill/node_modules/@oven/bun-linux-x64-musl-baseline": {
            "version": "1.3.5",
            "cpu": [
                "x64"
            ],
            "dev": true,
            "license": "MIT",
            "optional": true,
            "os": [
                "linux"
            ]
        },
        "polyfill/node_modules/@types/bun": {
            "version": "1.3.5",
            "dev": true,
            "license": "MIT",
            "dependencies": {
                "bun-types": "1.3.5"
            }
        },
        "polyfill/node_modules/@types/deno": {
            "version": "2.5.0",
            "dev": true,
            "license": "MIT"
        },
        "polyfill/node_modules/@types/node": {
            "version": "25.0.3",
            "dev": true,
            "license": "MIT",
            "dependencies": {
                "undici-types": "~7.16.0"
            }
        },
        "polyfill/node_modules/bun": {
            "version": "1.3.5",
            "cpu": [
                "arm64",
                "x64"
            ],
            "dev": true,
            "hasInstallScript": true,
            "license": "MIT",
            "os": [
                "darwin",
                "linux",
                "win32"
            ],
            "bin": {
                "bun": "bin/bun.exe",
                "bunx": "bin/bunx.exe"
            },
            "optionalDependencies": {
                "@oven/bun-darwin-aarch64": "1.3.5",
                "@oven/bun-darwin-x64": "1.3.5",
                "@oven/bun-darwin-x64-baseline": "1.3.5",
                "@oven/bun-linux-aarch64": "1.3.5",
                "@oven/bun-linux-aarch64-musl": "1.3.5",
                "@oven/bun-linux-x64": "1.3.5",
                "@oven/bun-linux-x64-baseline": "1.3.5",
                "@oven/bun-linux-x64-musl": "1.3.5",
                "@oven/bun-linux-x64-musl-baseline": "1.3.5",
                "@oven/bun-windows-x64": "1.3.5",
                "@oven/bun-windows-x64-baseline": "1.3.5"
            }
        },
        "polyfill/node_modules/bun-types": {
            "version": "1.3.5",
            "dev": true,
            "license": "MIT",
            "dependencies": {
                "@types/node": "*"
            }
        },
        "polyfill/node_modules/deno": {
            "version": "2.6.3",
            "dev": true,
            "hasInstallScript": true,
            "license": "MIT",
            "bin": {
                "deno": "bin.cjs"
            },
            "optionalDependencies": {
                "@deno/darwin-arm64": "2.6.3",
                "@deno/darwin-x64": "2.6.3",
                "@deno/linux-arm64-glibc": "2.6.3",
                "@deno/linux-x64-glibc": "2.6.3",
                "@deno/win32-arm64": "2.6.3",
                "@deno/win32-x64": "2.6.3"
            }
        },
        "polyfill/node_modules/oxfmt": {
            "version": "0.21.0",
            "dev": true,
            "license": "MIT",
            "dependencies": {
                "tinypool": "2.0.0"
            },
            "bin": {
                "oxfmt": "bin/oxfmt"
            },
            "engines": {
                "node": "^20.19.0 || >=22.12.0"
            },
            "funding": {
                "url": "https://github.com/sponsors/Boshen"
            },
            "optionalDependencies": {
                "@oxfmt/darwin-arm64": "0.21.0",
                "@oxfmt/darwin-x64": "0.21.0",
                "@oxfmt/linux-arm64-gnu": "0.21.0",
                "@oxfmt/linux-arm64-musl": "0.21.0",
                "@oxfmt/linux-x64-gnu": "0.21.0",
                "@oxfmt/linux-x64-musl": "0.21.0",
                "@oxfmt/win32-arm64": "0.21.0",
                "@oxfmt/win32-x64": "0.21.0"
            }
        },
        "polyfill/node_modules/tinypool": {
            "version": "2.0.0",
            "dev": true,
            "license": "MIT",
            "engines": {
                "node": "^20.0.0 || >=22.0.0"
            }
        },
        "polyfill/node_modules/typescript": {
            "version": "5.9.3",
            "dev": true,
            "license": "Apache-2.0",
            "bin": {
                "tsc": "bin/tsc",
                "tsserver": "bin/tsserver"
            },
            "engines": {
                "node": ">=14.17"
            }
        },
        "polyfill/node_modules/undici-types": {
            "version": "7.16.0",
            "dev": true,
            "license": "MIT"
        }
    }
}
